
Microsoft Visual Studio Solution File, Format Version 12.00
# Visual Studio Version 17
VisualStudioVersion = 17.14.36414.22 d17.14
MinimumVisualStudioVersion = 10.0.40219.1
Project("{FAE04EC0-301F-11D3-BF4B-00C04F79EFBC}") = "MyCoreAPI_First", "MyCoreAPI_First\MyCoreAPI_First.csproj", "{B6E9593A-23DC-4D54-81D8-9BA4009A292C}"
EndProject
Global
	GlobalSection(SolutionConfigurationPlatforms) = preSolution
		Debug|Any CPU = Debug|Any CPU
		Release|Any CPU = Release|Any CPU
	EndGlobalSection
	GlobalSection(ProjectConfigurationPlatforms) = postSolution
		{B6E9593A-23DC-4D54-81D8-9BA4009A292C}.Debug|Any CPU.ActiveCfg = Debug|Any CPU
		{B6E9593A-23DC-4D54-81D8-9BA4009A292C}.Debug|Any CPU.Build.0 = Debug|Any CPU
		{B6E9593A-23DC-4D54-81D8-9BA4009A292C}.Release|Any CPU.ActiveCfg = Release|Any CPU
		{B6E9593A-23DC-4D54-81D8-9BA4009A292C}.Release|Any CPU.Build.0 = Release|Any CPU
	EndGlobalSection
	GlobalSection(SolutionProperties) = preSolution
		HideSolutionNode = FALSE
	EndGlobalSection
	GlobalSection(ExtensibilityGlobals) = postSolution
		SolutionGuid = {66EFF3DE-9CAC-41F5-8105-0D5A016FD9CC}
	EndGlobalSection
EndGlobal
